
Microsoft Visual Studio Solution File, Format Version 12.00
# Visual Studio Version 16
VisualStudioVersion = 16.0.32106.194
MinimumVisualStudioVersion = 10.0.40219.1
Project("{FAE04EC0-301F-11D3-BF4B-00C04F79EFBC}") = "WeatherAPI", "WeatherAPI\WeatherAPI.csproj", "{79585F07-1F37-49F4-ADC5-9195C21A4F8E}"
EndProject
Project("{FAE04EC0-301F-11D3-BF4B-00C04F79EFBC}") = "WeatherAPI.Core.Data", "WeatherAPI.Core.Data\WeatherAPI.Core.Data.csproj", "{5A69574B-CE1C-49AC-90AE-7666C6003E34}"
EndProject
Project("{FAE04EC0-301F-11D3-BF4B-00C04F79EFBC}") = "WeatherAPI.Core.Services", "WeatherAPI.Core.Services\WeatherAPI.Core.Services.csproj", "{AC0A3A7A-842A-41E8-8C0F-D67EBA99A813}"
EndProject
Global
	GlobalSection(SolutionConfigurationPlatforms) = preSolution
		Debug|Any CPU = Debug|Any CPU
		Release|Any CPU = Release|Any CPU
	EndGlobalSection
	GlobalSection(ProjectConfigurationPlatforms) = postSolution
		{79585F07-1F37-49F4-ADC5-9195C21A4F8E}.Debug|Any CPU.ActiveCfg = Debug|Any CPU
		{79585F07-1F37-49F4-ADC5-9195C21A4F8E}.Debug|Any CPU.Build.0 = Debug|Any CPU
		{79585F07-1F37-49F4-ADC5-9195C21A4F8E}.Release|Any CPU.ActiveCfg = Release|Any CPU
		{79585F07-1F37-49F4-ADC5-9195C21A4F8E}.Release|Any CPU.Build.0 = Release|Any CPU
		{5A69574B-CE1C-49AC-90AE-7666C6003E34}.Debug|Any CPU.ActiveCfg = Debug|Any CPU
		{5A69574B-CE1C-49AC-90AE-7666C6003E34}.Debug|Any CPU.Build.0 = Debug|Any CPU
		{5A69574B-CE1C-49AC-90AE-7666C6003E34}.Release|Any CPU.ActiveCfg = Release|Any CPU
		{5A69574B-CE1C-49AC-90AE-7666C6003E34}.Release|Any CPU.Build.0 = Release|Any CPU
		{AC0A3A7A-842A-41E8-8C0F-D67EBA99A813}.Debug|Any CPU.ActiveCfg = Debug|Any CPU
		{AC0A3A7A-842A-41E8-8C0F-D67EBA99A813}.Debug|Any CPU.Build.0 = Debug|Any CPU
		{AC0A3A7A-842A-41E8-8C0F-D67EBA99A813}.Release|Any CPU.ActiveCfg = Release|Any CPU
		{AC0A3A7A-842A-41E8-8C0F-D67EBA99A813}.Release|Any CPU.Build.0 = Release|Any CPU
	EndGlobalSection
	GlobalSection(SolutionProperties) = preSolution
		HideSolutionNode = FALSE
	EndGlobalSection
	GlobalSection(ExtensibilityGlobals) = postSolution
		SolutionGuid = {BECD67DC-EA15-4F6E-900A-EB550D1856E8}
	EndGlobalSection
EndGlobal
